{
  "name": "my-scripts",
  "version": "1.0.0",
  "lockfileVersion": 3,
  "requires": true,
  "packages": {
    "": {
      "name": "my-scripts",
      "version": "1.0.0",
      "license": "ISC",
      "dependencies": {
        "readline-sync": "^1.4.0"
      }
    },
    "node_modules/readline-sync": {
      "version": "1.4.0",
      "resolved": "https://registry.npmjs.org/readline-sync/-/readline-sync-1.4.0.tgz",
      "integrity": "sha512-luyS8yHYb/ySeTT+mIv6LYoZgcWofr8LpD4n6R7Z544UuAMyc6NSdstiX1gCztRghBe1laPpCDcnZFzpMpnhzQ==",
      "engines": {
        "node": ">= 0.8.0"
      }
    }
  }
}
